// !$*UTF8*$!
{
	archiveVersion = 1;
	classes = {
	};
	objectVersion = 56;
	objects = {

/* Begin PBXBuildFile section */
		C2ED7B4A2B26339900001763 /* BillCalculatorApp.swift in Sources */ = {isa = PBXBuildFile; fileRef = C2ED7B492B26339900001763 /* BillCalculatorApp.swift */; };
		C2ED7B4C2B26339900001763 /* ContentView.swift in Sources */ = {isa = PBXBuildFile; fileRef = C2ED7B4B2B26339900001763 /* ContentView.swift */; };
		C2ED7B4E2B2633A100001763 /* Assets.xcassets in Resources */ = {isa = PBXBuildFile; fileRef = C2ED7B4D2B2633A100001763 /* Assets.xcassets */; };
		C2ED7B512B2633A100001763 /* Preview Assets.xcassets in Resources */ = {isa = PBXBuildFile; fileRef = C2ED7B502B2633A100001763 /* Preview Assets.xcassets */; };
		C2ED7B5B2B2633A100001763 /* BillCalculatorTests.swift in Sources */ = {isa = PBXBuildFile; fileRef = C2ED7B5A2B2633A100001763 /* BillCalculatorTests.swift */; };
		C2ED7B652B2633A100001763 /* BillCalculatorUITests.swift in Sources */ = {isa = PBXBuildFile; fileRef = C2ED7B642B2633A100001763 /* BillCalculatorUITests.swift */; };
		C2ED7B672B2633A100001763 /* BillCalculatorUITestsLaunchTests.swift in Sources */ = {isa = PBXBuildFile; fileRef = C2ED7B662B2633A100001763 /* BillCalculatorUITestsLaunchTests.swift */; };
/* End PBXBuildFile section */

/* Begin PBXContainerItemProxy section */
		C2ED7B572B2633A100001763 /* PBXContainerItemProxy */ = {
			isa = PBXContainerItemProxy;
			containerPortal = C2ED7B3E2B26339900001763 /* Project object */;
			proxyType = 1;
			remoteGlobalIDString = C2ED7B452B26339900001763;
			remoteInfo = BillCalculator;
		};
		C2ED7B612B2633A100001763 /* PBXContainerItemProxy */ = {
			isa = PBXContainerItemProxy;
			containerPortal = C2ED7B3E2B26339900001763 /* Project object */;
			proxyType = 1;
			remoteGlobalIDString = C2ED7B452B26339900001763;
			remoteInfo = BillCalculator;
		};
/* End PBXContainerItemProxy section */

/* Begin PBXFileReference section */
		C2ED7B462B26339900001763 /* BillCalculator.app */ = {isa = PBXFileReference; explicitFileType = wrapper.application; includeInIndex = 0; path = BillCalculator.app; sourceTree = BUILT_PRODUCTS_DIR; };
		C2ED7B492B26339900001763 /* BillCalculatorApp.swift */ = {isa = PBXFileReference; lastKnownFileType = sourcecode.swift; path = BillCalculatorApp.swift; sourceTree = "<group>"; };
		C2ED7B4B2B26339900001763 /* ContentView.swift */ = {isa = PBXFileReference; lastKnownFileType = sourcecode.swift; path = ContentView.swift; sourceTree = "<group>"; };
		C2ED7B4D2B2633A100001763 /* Assets.xcassets */ = {isa = PBXFileReference; lastKnownFileType = folder.assetcatalog; path = Assets.xcassets; sourceTree = "<group>"; };
		C2ED7B502B2633A100001763 /* Preview Assets.xcassets */ = {isa = PBXFileReference; lastKnownFileType = folder.assetcatalog; path = "Preview Assets.xcassets"; sourceTree = "<group>"; };
		C2ED7B562B2633A100001763 /* BillCalculatorTests.xctest */ = {isa = PBXFileReference; explicitFileType = wrapper.cfbundle; includeInIndex = 0; path = BillCalculatorTests.xctest; sourceTree = BUILT_PRODUCTS_DIR; };
		C2ED7B5A2B2633A100001763 /* BillCalculatorTests.swift */ = {isa = PBXFileReference; lastKnownFileType = sourcecode.swift; path = BillCalculatorTests.swift; sourceTree = "<group>"; };
		C2ED7B602B2633A100001763 /* BillCalculatorUITests.xctest */ = {isa = PBXFileReference; explicitFileType = wrapper.cfbundle; includeInIndex = 0; path = BillCalculatorUITests.xctest; sourceTree = BUILT_PRODUCTS_DIR; };
		C2ED7B642B2633A100001763 /* BillCalculatorUITests.swift */ = {isa = PBXFileReference; lastKnownFileType = sourcecode.swift; path = BillCalculatorUITests.swift; sourceTree = "<group>"; };
		C2ED7B662B2633A100001763 /* BillCalculatorUITestsLaunchTests.swift */ = {isa = PBXFileReference; lastKnownFileType = sourcecode.swift; path = BillCalculatorUITestsLaunchTests.swift; sourceTree = "<group>"; };
/* End PBXFileReference section */

/* Begin PBXFrameworksBuildPhase section */
		C2ED7B432B26339900001763 /* Frameworks */ = {
			isa = PBXFrameworksBuildPhase;
			buildActionMask = 2147483647;
			files = (
			);
			runOnlyForDeploymentPostprocessing = 0;
		};
		C2ED7B532B2633A100001763 /* Frameworks */ = {
			isa = PBXFrameworksBuildPhase;
			buildActionMask = 2147483647;
			files = (
			);
			runOnlyForDeploymentPostprocessing = 0;
		};
		C2ED7B5D2B2633A100001763 /* Frameworks */ = {
			isa = PBXFrameworksBuildPhase;
			buildActionMask = 2147483647;
			files = (
			);
			runOnlyForDeploymentPostprocessing = 0;
		};
/* End PBXFrameworksBuildPhase section */

/* Begin PBXGroup section */
		C2ED7B3D2B26339900001763 = {
			isa = PBXGroup;
			children = (
				C2ED7B482B26339900001763 /* BillCalculator */,
				C2ED7B592B2633A100001763 /* BillCalculatorTests */,
				C2ED7B632B2633A100001763 /* BillCalculatorUITests */,
				C2ED7B472B26339900001763 /* Products */,
			);
			sourceTree = "<group>";
		};
		C2ED7B472B26339900001763 /* Products */ = {
			isa = PBXGroup;
			children = (
				C2ED7B462B26339900001763 /* BillCalculator.app */,
				C2ED7B562B2633A100001763 /* BillCalculatorTests.xctest */,
				C2ED7B602B2633A100001763 /* BillCalculatorUITests.xctest */,
			);
			name = Products;
			sourceTree = "<group>";
		};
		C2ED7B482B26339900001763 /* BillCalculator */ = {
			isa = PBXGroup;
			children = (
				C2ED7B492B26339900001763 /* BillCalculatorApp.swift */,
				C2ED7B4B2B26339900001763 /* ContentView.swift */,
				C2ED7B4D2B2633A100001763 /* Assets.xcassets */,
				C2ED7B4F2B2633A100001763 /* Preview Content */,
			);
			path = BillCalculator;
			sourceTree = "<group>";
		};
		C2ED7B4F2B2633A100001763 /* Preview Content */ = {
			isa = PBXGroup;
			children = (
				C2ED7B502B2633A100001763 /* Preview Assets.xcassets */,
			);
			path = "Preview Content";
			sourceTree = "<group>";
		};
		C2ED7B592B2633A100001763 /* BillCalculatorTests */ = {
			isa = PBXGroup;
			children = (
				C2ED7B5A2B2633A100001763 /* BillCalculatorTests.swift */,
			);
			path = BillCalculatorTests;
			sourceTree = "<group>";
		};
		C2ED7B632B2633A100001763 /* BillCalculatorUITests */ = {
			isa = PBXGroup;
			children = (
				C2ED7B642B2633A100001763 /* BillCalculatorUITests.swift */,
				C2ED7B662B2633A100001763 /* BillCalculatorUITestsLaunchTests.swift */,
			);
			path = BillCalculatorUITests;
			sourceTree = "<group>";
		};
/* End PBXGroup section */

/* Begin PBXNativeTarget section */
		C2ED7B452B26339900001763 /* BillCalculator */ = {
			isa = PBXNativeTarget;
			buildConfigurationList = C2ED7B6A2B2633A100001763 /* Build configuration list for PBXNativeTarget "BillCalculator" */;
			buildPhases = (
				C2ED7B422B26339900001763 /* Sources */,
				C2ED7B432B26339900001763 /* Frameworks */,
				C2ED7B442B26339900001763 /* Resources */,
			);
			buildRules = (
			);
			dependencies = (
			);
			name = BillCalculator;
			productName = BillCalculator;
			productReference = C2ED7B462B26339900001763 /* BillCalculator.app */;
			productType = "com.apple.product-type.application";
		};
		C2ED7B552B2633A100001763 /* BillCalculatorTests */ = {
			isa = PBXNativeTarget;
			buildConfigurationList = C2ED7B6D2B2633A100001763 /* Build configuration list for PBXNativeTarget "BillCalculatorTests" */;
			buildPhases = (
				C2ED7B522B2633A100001763 /* Sources */,
				C2ED7B532B2633A100001763 /* Frameworks */,
				C2ED7B542B2633A100001763 /* Resources */,
			);
			buildRules = (
			);
			dependencies = (
				C2ED7B582B2633A100001763 /* PBXTargetDependency */,
			);
			name = BillCalculatorTests;
			productName = BillCalculatorTests;
			productReference = C2ED7B562B2633A100001763 /* BillCalculatorTests.xctest */;
			productType = "com.apple.product-type.bundle.unit-test";
		};
		C2ED7B5F2B2633A100001763 /* BillCalculatorUITests */ = {
			isa = PBXNativeTarget;
			buildConfigurationList = C2ED7B702B2633A100001763 /* Build configuration list for PBXNativeTarget "BillCalculatorUITests" */;
			buildPhases = (
				C2ED7B5C2B2633A100001763 /* Sources */,
				C2ED7B5D2B2633A100001763 /* Frameworks */,
				C2ED7B5E2B2633A100001763 /* Resources */,
			);
			buildRules = (
			);
			dependencies = (
				C2ED7B622B2633A100001763 /* PBXTargetDependency */,
			);
			name = BillCalculatorUITests;
			productName = BillCalculatorUITests;
			productReference = C2ED7B602B2633A100001763 /* BillCalculatorUITests.xctest */;
			productType = "com.apple.product-type.bundle.ui-testing";
		};
/* End PBXNativeTarget section */

/* Begin PBXProject section */
		C2ED7B3E2B26339900001763 /* Project object */ = {
			isa = PBXProject;
			attributes = {
				BuildIndependentTargetsInParallel = 1;
				LastSwiftUpdateCheck = 1500;
				LastUpgradeCheck = 1500;
				TargetAttributes = {
					C2ED7B452B26339900001763 = {
						CreatedOnToolsVersion = 15.0.1;
					};
					C2ED7B552B2633A100001763 = {
						CreatedOnToolsVersion = 15.0.1;
						TestTargetID = C2ED7B452B26339900001763;
					};
					C2ED7B5F2B2633A100001763 = {
						CreatedOnToolsVersion = 15.0.1;
						TestTargetID = C2ED7B452B26339900001763;
					};
				};
			};
			buildConfigurationList = C2ED7B412B26339900001763 /* Build configuration list for PBXProject "BillCalculator" */;
			compatibilityVersion = "Xcode 14.0";
			developmentRegion = en;
			hasScannedForEncodings = 0;
			knownRegions = (
				en,
				Base,
			);
			mainGroup = C2ED7B3D2B26339900001763;
			productRefGroup = C2ED7B472B26339900001763 /* Products */;
			projectDirPath = "";
			projectRoot = "";
			targets = (
				C2ED7B452B26339900001763 /* BillCalculator */,
				C2ED7B552B2633A100001763 /* BillCalculatorTests */,
				C2ED7B5F2B2633A100001763 /* BillCalculatorUITests */,
			);
		};
/* End PBXProject section */

/* Begin PBXResourcesBuildPhase section */
		C2ED7B442B26339900001763 /* Resources */ = {
			isa = PBXResourcesBuildPhase;
			buildActionMask = 2147483647;
			files = (
				C2ED7B512B2633A100001763 /* Preview Assets.xcassets in Resources */,
				C2ED7B4E2B2633A100001763 /* Assets.xcassets in Resources */,
			);
			runOnlyForDeploymentPostprocessing = 0;
		};
		C2ED7B542B2633A100001763 /* Resources */ = {
			isa = PBXResourcesBuildPhase;
			buildActionMask = 2147483647;
			files = (
			);
			runOnlyForDeploymentPostprocessing = 0;
		};
		C2ED7B5E2B2633A100001763 /* Resources */ = {
			isa = PBXResourcesBuildPhase;
			buildActionMask = 2147483647;
			files = (
			);
			runOnlyForDeploymentPostprocessing = 0;
		};
/* End PBXResourcesBuildPhase section */

/* Begin PBXSourcesBuildPhase section */
		C2ED7B422B26339900001763 /* Sources */ = {
			isa = PBXSourcesBuildPhase;
			buildActionMask = 2147483647;
			files = (
				C2ED7B4C2B26339900001763 /* ContentView.swift in Sources */,
				C2ED7B4A2B26339900001763 /* BillCalculatorApp.swift in Sources */,
			);
			runOnlyForDeploymentPostprocessing = 0;
		};
		C2ED7B522B2633A100001763 /* Sources */ = {
			isa = PBXSourcesBuildPhase;
			buildActionMask = 2147483647;
			files = (
				C2ED7B5B2B2633A100001763 /* BillCalculatorTests.swift in Sources */,
			);
			runOnlyForDeploymentPostprocessing = 0;
		};
		C2ED7B5C2B2633A100001763 /* Sources */ = {
			isa = PBXSourcesBuildPhase;
			buildActionMask = 2147483647;
			files = (
				C2ED7B652B2633A100001763 /* BillCalculatorUITests.swift in Sources */,
				C2ED7B672B2633A100001763 /* BillCalculatorUITestsLaunchTests.swift in Sources */,
			);
			runOnlyForDeploymentPostprocessing = 0;
		};
/* End PBXSourcesBuildPhase section */

/* Begin PBXTargetDependency section */
		C2ED7B582B2633A100001763 /* PBXTargetDependency */ = {
			isa = PBXTargetDependency;
			target = C2ED7B452B26339900001763 /* BillCalculator */;
			targetProxy = C2ED7B572B2633A100001763 /* PBXContainerItemProxy */;
		};
		C2ED7B622B2633A100001763 /* PBXTargetDependency */ = {
			isa = PBXTargetDependency;
			target = C2ED7B452B26339900001763 /* BillCalculator */;
			targetProxy = C2ED7B612B2633A100001763 /* PBXContainerItemProxy */;
		};
/* End PBXTargetDependency section */

/* Begin XCBuildConfiguration section */
		C2ED7B682B2633A100001763 /* Debug */ = {
			isa = XCBuildConfiguration;
			buildSettings = {
				ALWAYS_SEARCH_USER_PATHS = NO;
				ASSETCATALOG_COMPILER_GENERATE_SWIFT_ASSET_SYMBOL_EXTENSIONS = YES;
				CLANG_ANALYZER_NONNULL = YES;
				CLANG_ANALYZER_NUMBER_OBJECT_CONVERSION = YES_AGGRESSIVE;
				CLANG_CXX_LANGUAGE_STANDARD = "gnu++20";
				CLANG_ENABLE_MODULES = YES;
				CLANG_ENABLE_OBJC_ARC = YES;
				CLANG_ENABLE_OBJC_WEAK = YES;
				CLANG_WARN_BLOCK_CAPTURE_AUTORELEASING = YES;
				CLANG_WARN_BOOL_CONVERSION = YES;
				CLANG_WARN_COMMA = YES;
				CLANG_WARN_CONSTANT_CONVERSION = YES;
				CLANG_WARN_DEPRECATED_OBJC_IMPLEMENTATIONS = YES;
				CLANG_WARN_DIRECT_OBJC_ISA_USAGE = YES_ERROR;
				CLANG_WARN_DOCUMENTATION_COMMENTS = YES;
				CLANG_WARN_EMPTY_BODY = YES;
				CLANG_WARN_ENUM_CONVERSION = YES;
				CLANG_WARN_INFINITE_RECURSION = YES;
				CLANG_WARN_INT_CONVERSION = YES;
				CLANG_WARN_NON_LITERAL_NULL_CONVERSION = YES;
				CLANG_WARN_OBJC_IMPLICIT_RETAIN_SELF = YES;
				CLANG_WARN_OBJC_LITERAL_CONVERSION = YES;
				CLANG_WARN_OBJC_ROOT_CLASS = YES_ERROR;
				CLANG_WARN_QUOTED_INCLUDE_IN_FRAMEWORK_HEADER = YES;
				CLANG_WARN_RANGE_LOOP_ANALYSIS = YES;
				CLANG_WARN_STRICT_PROTOTYPES = YES;
				CLANG_WARN_SUSPICIOUS_MOVE = YES;
				CLANG_WARN_UNGUARDED_AVAILABILITY = YES_AGGRESSIVE;
				CLANG_WARN_UNREACHABLE_CODE = YES;
				CLANG_WARN__DUPLICATE_METHOD_MATCH = YES;
				COPY_PHASE_STRIP = NO;
				DEBUG_INFORMATION_FORMAT = dwarf;
				ENABLE_STRICT_OBJC_MSGSEND = YES;
				ENABLE_TESTABILITY = YES;
				ENABLE_USER_SCRIPT_SANDBOXING = YES;
				GCC_C_LANGUAGE_STANDARD = gnu17;
				GCC_DYNAMIC_NO_PIC = NO;
				GCC_NO_COMMON_BLOCKS = YES;
				GCC_OPTIMIZATION_LEVEL = 0;
				GCC_PREPROCESSOR_DEFINITIONS = (
					"DEBUG=1",
					"$(inherited)",
				);
				GCC_WARN_64_TO_32_BIT_CONVERSION = YES;
				GCC_WARN_ABOUT_RETURN_TYPE = YES_ERROR;
				GCC_WARN_UNDECLARED_SELECTOR = YES;
				GCC_WARN_UNINITIALIZED_AUTOS = YES_AGGRESSIVE;
				GCC_WARN_UNUSED_FUNCTION = YES;
				GCC_WARN_UNUSED_VARIABLE = YES;
				IPHONEOS_DEPLOYMENT_TARGET = 17.0;
				LOCALIZATION_PREFERS_STRING_CATALOGS = YES;
				MTL_ENABLE_DEBUG_INFO = INCLUDE_SOURCE;
				MTL_FAST_MATH = YES;
				ONLY_ACTIVE_ARCH = YES;
				SDKROOT = iphoneos;
				SWIFT_ACTIVE_COMPILATION_CONDITIONS = "DEBUG $(inherited)";
				SWIFT_OPTIMIZATION_LEVEL = "-Onone";
			};
			name = Debug;
		};
		C2ED7B692B2633A100001763 /* Release */ = {
			isa = XCBuildConfiguration;
			buildSettings = {
				ALWAYS_SEARCH_USER_PATHS = NO;
				ASSETCATALOG_COMPILER_GENERATE_SWIFT_ASSET_SYMBOL_EXTENSIONS = YES;
				CLANG_ANALYZER_NONNULL = YES;
				CLANG_ANALYZER_NUMBER_OBJECT_CONVERSION = YES_AGGRESSIVE;
				CLANG_CXX_LANGUAGE_STANDARD = "gnu++20";
				CLANG_ENABLE_MODULES = YES;
				CLANG_ENABLE_OBJC_ARC = YES;
				CLANG_ENABLE_OBJC_WEAK = YES;
				CLANG_WARN_BLOCK_CAPTURE_AUTORELEASING = YES;
				CLANG_WARN_BOOL_CONVERSION = YES;
				CLANG_WARN_COMMA = YES;
				CLANG_WARN_CONSTANT_CONVERSION = YES;
				CLANG_WARN_DEPRECATED_OBJC_IMPLEMENTATIONS = YES;
				CLANG_WARN_DIRECT_OBJC_ISA_USAGE = YES_ERROR;
				CLANG_WARN_DOCUMENTATION_COMMENTS = YES;
				CLANG_WARN_EMPTY_BODY = YES;
				CLANG_WARN_ENUM_CONVERSION = YES;
				CLANG_WARN_INFINITE_RECURSION = YES;
				CLANG_WARN_INT_CONVERSION = YES;
				CLANG_WARN_NON_LITERAL_NULL_CONVERSION = YES;
				CLANG_WARN_OBJC_IMPLICIT_RETAIN_SELF = YES;
				CLANG_WARN_OBJC_LITERAL_CONVERSION = YES;
				CLANG_WARN_OBJC_ROOT_CLASS = YES_ERROR;
				CLANG_WARN_QUOTED_INCLUDE_IN_FRAMEWORK_HEADER = YES;
				CLANG_WARN_RANGE_LOOP_ANALYSIS = YES;
				CLANG_WARN_STRICT_PROTOTYPES = YES;
				CLANG_WARN_SUSPICIOUS_MOVE = YES;
				CLANG_WARN_UNGUARDED_AVAILABILITY = YES_AGGRESSIVE;
				CLANG_WARN_UNREACHABLE_CODE = YES;
				CLANG_WARN__DUPLICATE_METHOD_MATCH = YES;
				COPY_PHASE_STRIP = NO;
				DEBUG_INFORMATION_FORMAT = "dwarf-with-dsym";
				ENABLE_NS_ASSERTIONS = NO;
				ENABLE_STRICT_OBJC_MSGSEND = YES;
				ENABLE_USER_SCRIPT_SANDBOXING = YES;
				GCC_C_LANGUAGE_STANDARD = gnu17;
				GCC_NO_COMMON_BLOCKS = YES;
				GCC_WARN_64_TO_32_BIT_CONVERSION = YES;
				GCC_WARN_ABOUT_RETURN_TYPE = YES_ERROR;
				GCC_WARN_UNDECLARED_SELECTOR = YES;
				GCC_WARN_UNINITIALIZED_AUTOS = YES_AGGRESSIVE;
				GCC_WARN_UNUSED_FUNCTION = YES;
				GCC_WARN_UNUSED_VARIABLE = YES;
				IPHONEOS_DEPLOYMENT_TARGET = 17.0;
				LOCALIZATION_PREFERS_STRING_CATALOGS = YES;
				MTL_ENABLE_DEBUG_INFO = NO;
				MTL_FAST_MATH = YES;
				SDKROOT = iphoneos;
				SWIFT_COMPILATION_MODE = wholemodule;
				VALIDATE_PRODUCT = YES;
			};
			name = Release;
		};
		C2ED7B6B2B2633A100001763 /* Debug */ = {
			isa = XCBuildConfiguration;
			buildSettings = {
				ASSETCATALOG_COMPILER_APPICON_NAME = AppIcon;
				ASSETCATALOG_COMPILER_GLOBAL_ACCENT_COLOR_NAME = AccentColor;
				CODE_SIGN_STYLE = Automatic;
				CURRENT_PROJECT_VERSION = 1;
				DEVELOPMENT_ASSET_PATHS = "\"BillCalculator/Preview Content\"";
				ENABLE_PREVIEWS = YES;
				GENERATE_INFOPLIST_FILE = YES;
				INFOPLIST_KEY_UIApplicationSceneManifest_Generation = YES;
				INFOPLIST_KEY_UIApplicationSupportsIndirectInputEvents = YES;
				INFOPLIST_KEY_UILaunchScreen_Generation = YES;
				INFOPLIST_KEY_UISupportedInterfaceOrientations_iPad = "UIInterfaceOrientationPortrait UIInterfaceOrientationPortraitUpsideDown UIInterfaceOrientationLandscapeLeft UIInterfaceOrientationLandscapeRight";
				INFOPLIST_KEY_UISupportedInterfaceOrientations_iPhone = "UIInterfaceOrientationPortrait UIInterfaceOrientationLandscapeLeft UIInterfaceOrientationLandscapeRight";
				LD_RUNPATH_SEARCH_PATHS = (
					"$(inherited)",
					"@executable_path/Frameworks",
				);
				MARKETING_VERSION = 1.0;
				PRODUCT_BUNDLE_IDENTIFIER = asmiri.BillCalculator;
				PRODUCT_NAME = "$(TARGET_NAME)";
				SWIFT_EMIT_LOC_STRINGS = YES;
				SWIFT_VERSION = 5.0;
				TARGETED_DEVICE_FAMILY = "1,2";
			};
			name = Debug;
		};
		C2ED7B6C2B2633A100001763 /* Release */ = {
			isa = XCBuildConfiguration;
			buildSettings = {
				ASSETCATALOG_COMPILER_APPICON_NAME = AppIcon;
				ASSETCATALOG_COMPILER_GLOBAL_ACCENT_COLOR_NAME = AccentColor;
				CODE_SIGN_STYLE = Automatic;
				CURRENT_PROJECT_VERSION = 1;
				DEVELOPMENT_ASSET_PATHS = "\"BillCalculator/Preview Content\"";
				ENABLE_PREVIEWS = YES;
				GENERATE_INFOPLIST_FILE = YES;
				INFOPLIST_KEY_UIApplicationSceneManifest_Generation = YES;
				INFOPLIST_KEY_UIApplicationSupportsIndirectInputEvents = YES;
				INFOPLIST_KEY_UILaunchScreen_Generation = YES;
				INFOPLIST_KEY_UISupportedInterfaceOrientations_iPad = "UIInterfaceOrientationPortrait UIInterfaceOrientationPortraitUpsideDown UIInterfaceOrientationLandscapeLeft UIInterfaceOrientationLandscapeRight";
				INFOPLIST_KEY_UISupportedInterfaceOrientations_iPhone = "UIInterfaceOrientationPortrait UIInterfaceOrientationLandscapeLeft UIInterfaceOrientationLandscapeRight";
				LD_RUNPATH_SEARCH_PATHS = (
					"$(inherited)",
					"@executable_path/Frameworks",
				);
				MARKETING_VERSION = 1.0;
				PRODUCT_BUNDLE_IDENTIFIER = asmiri.BillCalculator;
				PRODUCT_NAME = "$(TARGET_NAME)";
				SWIFT_EMIT_LOC_STRINGS = YES;
				SWIFT_VERSION = 5.0;
				TARGETED_DEVICE_FAMILY = "1,2";
			};
			name = Release;
		};
		C2ED7B6E2B2633A100001763 /* Debug */ = {
			isa = XCBuildConfiguration;
			buildSettings = {
				ALWAYS_EMBED_SWIFT_STANDARD_LIBRARIES = YES;
				BUNDLE_LOADER = "$(TEST_HOST)";
				CODE_SIGN_STYLE = Automatic;
				CURRENT_PROJECT_VERSION = 1;
				GENERATE_INFOPLIST_FILE = YES;
				IPHONEOS_DEPLOYMENT_TARGET = 17.0;
				MARKETING_VERSION = 1.0;
				PRODUCT_BUNDLE_IDENTIFIER = asmiri.BillCalculatorTests;
				PRODUCT_NAME = "$(TARGET_NAME)";
				SWIFT_EMIT_LOC_STRINGS = NO;
				SWIFT_VERSION = 5.0;
				TARGETED_DEVICE_FAMILY = "1,2";
				TEST_HOST = "$(BUILT_PRODUCTS_DIR)/BillCalculator.app/$(BUNDLE_EXECUTABLE_FOLDER_PATH)/BillCalculator";
			};
			name = Debug;
		};
		C2ED7B6F2B2633A100001763 /* Release */ = {
			isa = XCBuildConfiguration;
			buildSettings = {
				ALWAYS_EMBED_SWIFT_STANDARD_LIBRARIES = YES;
				BUNDLE_LOADER = "$(TEST_HOST)";
				CODE_SIGN_STYLE = Automatic;
				CURRENT_PROJECT_VERSION = 1;
				GENERATE_INFOPLIST_FILE = YES;
				IPHONEOS_DEPLOYMENT_TARGET = 17.0;
				MARKETING_VERSION = 1.0;
				PRODUCT_BUNDLE_IDENTIFIER = asmiri.BillCalculatorTests;
				PRODUCT_NAME = "$(TARGET_NAME)";
				SWIFT_EMIT_LOC_STRINGS = NO;
				SWIFT_VERSION = 5.0;
				TARGETED_DEVICE_FAMILY = "1,2";
				TEST_HOST = "$(BUILT_PRODUCTS_DIR)/BillCalculator.app/$(BUNDLE_EXECUTABLE_FOLDER_PATH)/BillCalculator";
			};
			name = Release;
		};
		C2ED7B712B2633A100001763 /* Debug */ = {
			isa = XCBuildConfiguration;
			buildSettings = {
				ALWAYS_EMBED_SWIFT_STANDARD_LIBRARIES = YES;
				CODE_SIGN_STYLE = Automatic;
				CURRENT_PROJECT_VERSION = 1;
				GENERATE_INFOPLIST_FILE = YES;
				MARKETING_VERSION = 1.0;
				PRODUCT_BUNDLE_IDENTIFIER = asmiri.BillCalculatorUITests;
				PRODUCT_NAME = "$(TARGET_NAME)";
				SWIFT_EMIT_LOC_STRINGS = NO;
				SWIFT_VERSION = 5.0;
				TARGETED_DEVICE_FAMILY = "1,2";
				TEST_TARGET_NAME = BillCalculator;
			};
			name = Debug;
		};
		C2ED7B722B2633A100001763 /* Release */ = {
			isa = XCBuildConfiguration;
			buildSettings = {
				ALWAYS_EMBED_SWIFT_STANDARD_LIBRARIES = YES;
				CODE_SIGN_STYLE = Automatic;
				CURRENT_PROJECT_VERSION = 1;
				GENERATE_INFOPLIST_FILE = YES;
				MARKETING_VERSION = 1.0;
				PRODUCT_BUNDLE_IDENTIFIER = asmiri.BillCalculatorUITests;
				PRODUCT_NAME = "$(TARGET_NAME)";
				SWIFT_EMIT_LOC_STRINGS = NO;
				SWIFT_VERSION = 5.0;
				TARGETED_DEVICE_FAMILY = "1,2";
				TEST_TARGET_NAME = BillCalculator;
			};
			name = Release;
		};
/* End XCBuildConfiguration section */

/* Begin XCConfigurationList section */
		C2ED7B412B26339900001763 /* Build configuration list for PBXProject "BillCalculator" */ = {
			isa = XCConfigurationList;
			buildConfigurations = (
				C2ED7B682B2633A100001763 /* Debug */,
				C2ED7B692B2633A100001763 /* Release */,
			);
			defaultConfigurationIsVisible = 0;
			defaultConfigurationName = Release;
		};
		C2ED7B6A2B2633A100001763 /* Build configuration list for PBXNativeTarget "BillCalculator" */ = {
			isa = XCConfigurationList;
			buildConfigurations = (
				C2ED7B6B2B2633A100001763 /* Debug */,
				C2ED7B6C2B2633A100001763 /* Release */,
			);
			defaultConfigurationIsVisible = 0;
			defaultConfigurationName = Release;
		};
		C2ED7B6D2B2633A100001763 /* Build configuration list for PBXNativeTarget "BillCalculatorTests" */ = {
			isa = XCConfigurationList;
			buildConfigurations = (
				C2ED7B6E2B2633A100001763 /* Debug */,
				C2ED7B6F2B2633A100001763 /* Release */,
			);
			defaultConfigurationIsVisible = 0;
			defaultConfigurationName = Release;
		};
		C2ED7B702B2633A100001763 /* Build configuration list for PBXNativeTarget "BillCalculatorUITests" */ = {
			isa = XCConfigurationList;
			buildConfigurations = (
				C2ED7B712B2633A100001763 /* Debug */,
				C2ED7B722B2633A100001763 /* Release */,
			);
			defaultConfigurationIsVisible = 0;
			defaultConfigurationName = Release;
		};
/* End XCConfigurationList section */
	};
	rootObject = C2ED7B3E2B26339900001763 /* Project object */;
}
